lockVersion: 2.0.0
id: 2ebfbbaa-03d2-4ef1-a2dd-71006dd37355
management:
  docChecksum: 936f0ff0f6ac9e56df38e51b2591854f
  docVersion: 1.0.0
  speakeasyVersion: 1.451.6
  generationVersion: 2.471.2
  releaseVersion: 1.0.2
  configChecksum: 7ce96b49322eac8343aef5ab776cbfaf
  repoURL: https://github.com/speakeasy-sdks/bar-python.git
  installationURL: https://github.com/speakeasy-sdks/bar-python.git
features:
  python:
    additionalDependencies: 1.0.0
    callbacks: 2.0.0
    core: 5.6.9
    defaultEnabledRetries: 0.2.0
    enumUnions: 0.1.0
    envVarSecurityUsage: 0.3.2
    errors: 3.2.0
    examples: 3.0.0
    flattening: 3.1.0
    globalSecurity: 3.0.2
    globalSecurityCallbacks: 1.0.0
    globalServerURLs: 3.0.0
    inputOutputModels: 3.0.0
    oauth2ClientCredentials: 1.1.0
    responseFormat: 1.0.1
    retries: 3.0.2
    sdkHooks: 1.0.0
    serverIDs: 3.0.0
    webhooks: 2.0.0
generatedFiles:
  - .gitattributes
  - .python-version
  - .vscode/settings.json
  - CONTRIBUTING.md
  - USAGE.md
  - docs/models/callbacks/createorderorderupdaterequestbody.md
  - docs/models/callbacks/createorderorderupdateresponse.md
  - docs/models/components/drink.md
  - docs/models/components/drinkinput.md
  - docs/models/components/drinktype.md
  - docs/models/components/error.md
  - docs/models/components/httpmetadata.md
  - docs/models/components/ingredient.md
  - docs/models/components/ingredienttype.md
  - docs/models/components/order.md
  - docs/models/components/orderinput.md
  - docs/models/components/ordertype.md
  - docs/models/components/schemeclientcredentials.md
  - docs/models/components/security.md
  - docs/models/components/status.md
  - docs/models/errors/apierror.md
  - docs/models/operations/authenticaterequestbody.md
  - docs/models/operations/authenticateresponse.md
  - docs/models/operations/authenticateresponsebody.md
  - docs/models/operations/createorderrequest.md
  - docs/models/operations/createorderresponse.md
  - docs/models/operations/data.md
  - docs/models/operations/getdrinkrequest.md
  - docs/models/operations/getdrinkresponse.md
  - docs/models/operations/listdrinksrequest.md
  - docs/models/operations/listdrinksresponse.md
  - docs/models/operations/listingredientsrequest.md
  - docs/models/operations/listingredientsresponse.md
  - docs/models/operations/listingredientsresponsebody.md
  - docs/models/operations/requestbody.md
  - docs/models/operations/subscribetowebhooksresponse.md
  - docs/models/operations/webhook.md
  - docs/models/utils/retryconfig.md
  - docs/models/webhooks/stockupdaterequestbody.md
  - docs/models/webhooks/stockupdateresponse.md
  - docs/sdks/authentication/README.md
  - docs/sdks/barpython/README.md
  - docs/sdks/config/README.md
  - docs/sdks/drinks/README.md
  - docs/sdks/ingredients/README.md
  - docs/sdks/orders/README.md
  - poetry.toml
  - py.typed
  - pylintrc
  - pyproject.toml
  - scripts/prepare-readme.py
  - scripts/publish.sh
  - src/speakeasy_bar_py/__init__.py
  - src/speakeasy_bar_py/_hooks/__init__.py
  - src/speakeasy_bar_py/_hooks/clientcredentials.py
  - src/speakeasy_bar_py/_hooks/sdkhooks.py
  - src/speakeasy_bar_py/_hooks/types.py
  - src/speakeasy_bar_py/_version.py
  - src/speakeasy_bar_py/authentication.py
  - src/speakeasy_bar_py/basesdk.py
  - src/speakeasy_bar_py/config.py
  - src/speakeasy_bar_py/drinks.py
  - src/speakeasy_bar_py/httpclient.py
  - src/speakeasy_bar_py/ingredients.py
  - src/speakeasy_bar_py/models/callbacks/__init__.py
  - src/speakeasy_bar_py/models/callbacks/createorder.py
  - src/speakeasy_bar_py/models/components/__init__.py
  - src/speakeasy_bar_py/models/components/drink.py
  - src/speakeasy_bar_py/models/components/drink_input.py
  - src/speakeasy_bar_py/models/components/drinktype.py
  - src/speakeasy_bar_py/models/components/error.py
  - src/speakeasy_bar_py/models/components/httpmetadata.py
  - src/speakeasy_bar_py/models/components/ingredient.py
  - src/speakeasy_bar_py/models/components/ingredienttype.py
  - src/speakeasy_bar_py/models/components/order.py
  - src/speakeasy_bar_py/models/components/order_input.py
  - src/speakeasy_bar_py/models/components/ordertype.py
  - src/speakeasy_bar_py/models/components/schemeclientcredentials.py
  - src/speakeasy_bar_py/models/components/security.py
  - src/speakeasy_bar_py/models/errors/__init__.py
  - src/speakeasy_bar_py/models/errors/apierror.py
  - src/speakeasy_bar_py/models/errors/sdkerror.py
  - src/speakeasy_bar_py/models/operations/__init__.py
  - src/speakeasy_bar_py/models/operations/authenticate.py
  - src/speakeasy_bar_py/models/operations/createorder.py
  - src/speakeasy_bar_py/models/operations/getdrink.py
  - src/speakeasy_bar_py/models/operations/listdrinks.py
  - src/speakeasy_bar_py/models/operations/listingredients.py
  - src/speakeasy_bar_py/models/operations/subscribetowebhooks.py
  - src/speakeasy_bar_py/models/webhooks/__init__.py
  - src/speakeasy_bar_py/models/webhooks/stockupdate.py
  - src/speakeasy_bar_py/orders.py
  - src/speakeasy_bar_py/py.typed
  - src/speakeasy_bar_py/sdk.py
  - src/speakeasy_bar_py/sdkconfiguration.py
  - src/speakeasy_bar_py/types/__init__.py
  - src/speakeasy_bar_py/types/basemodel.py
  - src/speakeasy_bar_py/utils/__init__.py
  - src/speakeasy_bar_py/utils/annotations.py
  - src/speakeasy_bar_py/utils/enums.py
  - src/speakeasy_bar_py/utils/eventstreaming.py
  - src/speakeasy_bar_py/utils/forms.py
  - src/speakeasy_bar_py/utils/headers.py
  - src/speakeasy_bar_py/utils/logger.py
  - src/speakeasy_bar_py/utils/metadata.py
  - src/speakeasy_bar_py/utils/queryparams.py
  - src/speakeasy_bar_py/utils/requestbodies.py
  - src/speakeasy_bar_py/utils/retries.py
  - src/speakeasy_bar_py/utils/security.py
  - src/speakeasy_bar_py/utils/serializers.py
  - src/speakeasy_bar_py/utils/url.py
  - src/speakeasy_bar_py/utils/values.py
examples:
  authenticate: {}
  listDrinks:
    speakeasy-default-list-drinks:
      responses:
        "200":
          application/json: [{"name": "Negroni", "price": 1500, "productCode": "NAC-3F2D1"}, {"name": "Old Fashioned", "price": 1000, "productCode": "APM-1F2D3"}, {"name": "Manhattan", "price": 1200, "productCode": "APM-1F2D3"}]
        5XX: {}
        default: {}
  getDrink:
    speakeasy-default-get-drink:
      parameters:
        path:
          name: "<value>"
      responses:
        "200":
          application/json: {"name": "Manhattan", "price": 1000, "productCode": "NAC-3F2D1"}
        5XX: {}
        default: {}
  listIngredients:
    speakeasy-default-list-ingredients:
      parameters:
        query:
          page: 347327
  createOrder:
    speakeasy-default-create-order:
      requestBody:
        application/json: [{"type": "drink", "productCode": "APM-1F2D3", "quantity": 837978}, {"type": "drink", "productCode": "AC-A2DF3", "quantity": 589796}]
      responses:
        "200":
          application/json: {"type": "ingredient", "productCode": "NAC-3F2D1", "quantity": 266198, "status": "pending"}
        5XX: {}
        default: {}
  subscribeToWebhooks: {}
  stockUpdate:
    speakeasy-default-stock-update:
      requestBody:
        application/json: {"drink": {"name": "Negroni", "price": 1200, "productCode": "NAC-3F2D1"}, "ingredient": {"name": "Angostura Bitters", "type": "fresh", "productCode": "AC-A2DF3"}}
generatedTests: {}
