lockVersion: 2.0.0
id: 2ebfbbaa-03d2-4ef1-a2dd-71006dd37355
management:
  docChecksum: 936f0ff0f6ac9e56df38e51b2591854f
  docVersion: 1.0.0
  speakeasyVersion: 1.318.0
  generationVersion: 2.352.0
  releaseVersion: 0.0.1
  configChecksum: aeb0d300a9c3a44e6baf10786124f970
features:
  python:
    additionalDependencies: 0.1.0
    callbacks: 1.0.0
    core: 4.6.13
    errors: 2.81.10
    examples: 2.81.3
    flattening: 2.81.1
    globalSecurity: 2.83.5
    globalSecurityCallbacks: 0.1.0
    globalServerURLs: 2.82.2
    inputOutputModels: 2.83.1
    oauth2ClientCredentials: 0.1.2
    responseFormat: 0.1.0
    retries: 2.82.2
    sdkHooks: 0.1.0
    serverIDs: 2.81.1
    webhooks: 1.0.0
generatedFiles:
  - src/barpython/sdkconfiguration.py
  - src/barpython/authentication.py
  - src/barpython/drinks.py
  - src/barpython/ingredients.py
  - src/barpython/orders.py
  - src/barpython/config.py
  - src/barpython/sdk.py
  - py.typed
  - pylintrc
  - scripts/publish.sh
  - setup.py
  - src/barpython/__init__.py
  - src/barpython/utils/__init__.py
  - src/barpython/utils/retries.py
  - src/barpython/utils/utils.py
  - src/barpython/models/errors/sdkerror.py
  - src/barpython/models/operations/authenticate.py
  - src/barpython/models/operations/listdrinks.py
  - src/barpython/models/operations/getdrink.py
  - src/barpython/models/operations/listingredients.py
  - src/barpython/models/operations/createorder.py
  - src/barpython/models/operations/subscribetowebhooks.py
  - src/barpython/models/components/error.py
  - src/barpython/models/components/httpmetadata.py
  - src/barpython/models/components/drink.py
  - src/barpython/models/components/drinktype.py
  - src/barpython/models/components/order.py
  - src/barpython/models/components/ordertype.py
  - src/barpython/models/components/order_input.py
  - src/barpython/models/components/security.py
  - src/barpython/models/components/schemeclientcredentials.py
  - src/barpython/models/components/ingredient.py
  - src/barpython/models/components/ingredienttype.py
  - src/barpython/models/components/drink_input.py
  - src/barpython/models/errors/apierror.py
  - src/barpython/models/callbacks/createorder.py
  - src/barpython/models/webhooks/stockupdate.py
  - src/barpython/models/__init__.py
  - src/barpython/models/errors/__init__.py
  - src/barpython/models/operations/__init__.py
  - src/barpython/models/components/__init__.py
  - src/barpython/models/callbacks/__init__.py
  - src/barpython/models/webhooks/__init__.py
  - docs/models/operations/authenticaterequestbody.md
  - docs/models/operations/authenticateresponsebody.md
  - docs/models/operations/authenticateresponse.md
  - docs/models/operations/listdrinksrequest.md
  - docs/models/operations/listdrinksresponse.md
  - docs/models/operations/getdrinkrequest.md
  - docs/models/operations/getdrinkresponse.md
  - docs/models/operations/listingredientsrequest.md
  - docs/models/operations/data.md
  - docs/models/operations/listingredientsresponsebody.md
  - docs/models/operations/listingredientsresponse.md
  - docs/models/operations/createorderrequest.md
  - docs/models/operations/createorderresponse.md
  - docs/models/operations/webhook.md
  - docs/models/operations/requestbody.md
  - docs/models/operations/subscribetowebhooksresponse.md
  - docs/models/components/error.md
  - docs/models/components/httpmetadata.md
  - docs/models/components/drink.md
  - docs/models/components/drinktype.md
  - docs/models/components/status.md
  - docs/models/components/order.md
  - docs/models/components/ordertype.md
  - docs/models/components/orderinput.md
  - docs/models/components/security.md
  - docs/models/components/schemeclientcredentials.md
  - docs/models/components/ingredient.md
  - docs/models/components/ingredienttype.md
  - docs/models/components/drinkinput.md
  - docs/models/errors/apierror.md
  - docs/models/callbacks/createorderorderupdateresponse.md
  - docs/models/callbacks/createorderorderupdaterequestbody.md
  - docs/models/webhooks/stockupdateresponse.md
  - docs/models/webhooks/stockupdaterequestbody.md
  - docs/sdks/barpython/README.md
  - docs/models/utils/retryconfig.md
  - docs/sdks/authentication/README.md
  - docs/sdks/drinks/README.md
  - docs/sdks/ingredients/README.md
  - docs/sdks/orders/README.md
  - docs/sdks/config/README.md
  - USAGE.md
  - .gitattributes
  - src/barpython/_hooks/sdkhooks.py
  - src/barpython/_hooks/types.py
  - src/barpython/_hooks/__init__.py
  - src/barpython/_hooks/clientcredentials.py
