speakeasyVersion: 1.344.1
sources:
    bar-openapi:
        sourceNamespace: bar-api
        sourceRevisionDigest: sha256:832f65b3db8400afe9ddee01c57ac70ed31be7d68a6506edb2d0a0a05ad3cd97
        sourceBlobDigest: sha256:2b4f4ee668d9bf6ba862927bef3aeabcdb101f163915ec8a1736b274d3152a5f
        tags:
            - latest
            - main
targets:
    my-first-target:
        source: bar-openapi
        sourceNamespace: bar-api
        sourceRevisionDigest: sha256:832f65b3db8400afe9ddee01c57ac70ed31be7d68a6506edb2d0a0a05ad3cd97
        sourceBlobDigest: sha256:2b4f4ee668d9bf6ba862927bef3aeabcdb101f163915ec8a1736b274d3152a5f
        codeSamplesNamespace: code-samples-python-my-first-target
        codeSamplesRevisionDigest: sha256:f2a08023605114ce5340dcefc5e16640254d613fa7c70e3180fb0d0f2827b02c
        outLocation: /github/workspace/repo
workflow:
    workflowVersion: 1.0.0
    speakeasyVersion: latest
    sources:
        bar-openapi:
            inputs:
                - location: ./openapi.yaml
            registry:
                location: registry.speakeasyapi.dev/speakeasy-bar-test/speakeasy-bar-test/bar-api
    targets:
        my-first-target:
            target: python
            source: bar-openapi
            codeSamples:
                output: codeSamples.yaml
                registry:
                    location: registry.speakeasyapi.dev/speakeasy-bar-test/speakeasy-bar-test/code-samples-python-my-first-target
