speakeasyVersion: 1.449.0
sources:
    bar-openapi:
        sourceNamespace: bar-api
        sourceRevisionDigest: sha256:bda572de1dd33f61a767966c86c708757c3d2340e1840c9b35aba70b1348a370
        sourceBlobDigest: sha256:f5d6201a22e286fa7f44a7e833ab695f65d74ef3f6b4e11673bc2db868483f90
        tags:
            - latest
            - speakeasy-sdk-regen-1731405163
            - 1.0.0
targets:
    my-first-target:
        source: bar-openapi
        sourceNamespace: bar-api
        sourceRevisionDigest: sha256:bda572de1dd33f61a767966c86c708757c3d2340e1840c9b35aba70b1348a370
        sourceBlobDigest: sha256:f5d6201a22e286fa7f44a7e833ab695f65d74ef3f6b4e11673bc2db868483f90
        codeSamplesNamespace: code-samples-python-my-first-target
        codeSamplesRevisionDigest: sha256:4799a3da589c803ac71bfc51af3be24bbb092bab5532451fe698591a0a2142db
workflow:
    workflowVersion: 1.0.0
    speakeasyVersion: latest
    sources:
        bar-openapi:
            inputs:
                - location: ./openapi.yaml
            registry:
                location: registry.speakeasyapi.dev/speakeasy-bar-test/speakeasy-bar-test/bar-api
    targets:
        my-first-target:
            target: python
            source: bar-openapi
            codeSamples:
                output: codeSamples.yaml
                registry:
                    location: registry.speakeasyapi.dev/speakeasy-bar-test/speakeasy-bar-test/code-samples-python-my-first-target
